
Microsoft Visual Studio Solution File, Format Version 12.00
# Visual Studio Version 16
VisualStudioVersion = 16.0.29709.97
MinimumVisualStudioVersion = 10.0.40219.1
Project("{8BC9CEB8-8B4A-11D0-8D11-00A0C91BC942}") = "DataStructure", "DataStructure\DataStructure.vcxproj", "{F523C4FF-6DE3-48C1-8C51-A9585D345515}"
EndProject
Global
	GlobalSection(SolutionConfigurationPlatforms) = preSolution
		Debug|x64 = Debug|x64
		Debug|x86 = Debug|x86
		Release|x64 = Release|x64
		Release|x86 = Release|x86
	EndGlobalSection
	GlobalSection(ProjectConfigurationPlatforms) = postSolution
		{F523C4FF-6DE3-48C1-8C51-A9585D345515}.Debug|x64.ActiveCfg = Debug|x64
		{F523C4FF-6DE3-48C1-8C51-A9585D345515}.Debug|x64.Build.0 = Debug|x64
		{F523C4FF-6DE3-48C1-8C51-A9585D345515}.Debug|x86.ActiveCfg = Debug|Win32
		{F523C4FF-6DE3-48C1-8C51-A9585D345515}.Debug|x86.Build.0 = Debug|Win32
		{F523C4FF-6DE3-48C1-8C51-A9585D345515}.Release|x64.ActiveCfg = Release|x64
		{F523C4FF-6DE3-48C1-8C51-A9585D345515}.Release|x64.Build.0 = Release|x64
		{F523C4FF-6DE3-48C1-8C51-A9585D345515}.Release|x86.ActiveCfg = Release|Win32
		{F523C4FF-6DE3-48C1-8C51-A9585D345515}.Release|x86.Build.0 = Release|Win32
	EndGlobalSection
	GlobalSection(SolutionProperties) = preSolution
		HideSolutionNode = FALSE
	EndGlobalSection
	GlobalSection(ExtensibilityGlobals) = postSolution
		SolutionGuid = {58B3D455-3F31-469E-A22A-62C9F2A92809}
	EndGlobalSection
EndGlobal
